
Microsoft Visual Studio Solution File, Format Version 12.00
# Visual Studio Version 16
VisualStudioVersion = 16.0.29519.87
MinimumVisualStudioVersion = 10.0.40219.1
Project("{FAE04EC0-301F-11D3-BF4B-00C04F79EFBC}") = "S00191043_Clement_Byrnes_Project", "S00191043_Clement_Byrnes_Project.csproj", "{B3C86F65-6A0A-43B0-8475-11617D136F29}"
EndProject
Global
	GlobalSection(SolutionConfigurationPlatforms) = preSolution
		Debug|Any CPU = Debug|Any CPU
		Release|Any CPU = Release|Any CPU
	EndGlobalSection
	GlobalSection(ProjectConfigurationPlatforms) = postSolution
		{B3C86F65-6A0A-43B0-8475-11617D136F29}.Debug|Any CPU.ActiveCfg = Debug|Any CPU
		{B3C86F65-6A0A-43B0-8475-11617D136F29}.Debug|Any CPU.Build.0 = Debug|Any CPU
		{B3C86F65-6A0A-43B0-8475-11617D136F29}.Release|Any CPU.ActiveCfg = Release|Any CPU
		{B3C86F65-6A0A-43B0-8475-11617D136F29}.Release|Any CPU.Build.0 = Release|Any CPU
	EndGlobalSection
	GlobalSection(SolutionProperties) = preSolution
		HideSolutionNode = FALSE
	EndGlobalSection
	GlobalSection(ExtensibilityGlobals) = postSolution
		SolutionGuid = {AF83F661-6E55-4D9E-826D-20383158B484}
	EndGlobalSection
EndGlobal
